
Microsoft Visual Studio Solution File, Format Version 12.00
# Visual Studio Version 17
VisualStudioVersion = 17.7.34024.191
MinimumVisualStudioVersion = 10.0.40219.1
Project("{FAE04EC0-301F-11D3-BF4B-00C04F79EFBC}") = "Payroll_management", "Payroll_management\Payroll_management.csproj", "{73CA56E9-7843-4168-AA8D-AA2D0CEB593F}"
EndProject
Global
	GlobalSection(SolutionConfigurationPlatforms) = preSolution
		Debug|Any CPU = Debug|Any CPU
		Release|Any CPU = Release|Any CPU
	EndGlobalSection
	GlobalSection(ProjectConfigurationPlatforms) = postSolution
		{73CA56E9-7843-4168-AA8D-AA2D0CEB593F}.Debug|Any CPU.ActiveCfg = Debug|Any CPU
		{73CA56E9-7843-4168-AA8D-AA2D0CEB593F}.Debug|Any CPU.Build.0 = Debug|Any CPU
		{73CA56E9-7843-4168-AA8D-AA2D0CEB593F}.Release|Any CPU.ActiveCfg = Release|Any CPU
		{73CA56E9-7843-4168-AA8D-AA2D0CEB593F}.Release|Any CPU.Build.0 = Release|Any CPU
	EndGlobalSection
	GlobalSection(SolutionProperties) = preSolution
		HideSolutionNode = FALSE
	EndGlobalSection
	GlobalSection(ExtensibilityGlobals) = postSolution
		SolutionGuid = {38648D34-AF41-426B-A326-C906EAA3BF13}
	EndGlobalSection
EndGlobal
